
Microsoft Visual Studio Solution File, Format Version 12.00
# Visual Studio 15
Project("{FAE04EC0-301F-11D3-BF4B-00C04F79EFBC}") = "Assembly-CSharp", "Assembly-CSharp.csproj", "{99008144-A782-C532-CB12-1B18F212AC2B}"
EndProject
Project("{FAE04EC0-301F-11D3-BF4B-00C04F79EFBC}") = "Assembly-CSharp-Editor", "Assembly-CSharp-Editor.csproj", "{0815454A-6127-17AF-2B48-0F243D54A709}"
EndProject
Global
	GlobalSection(SolutionConfigurationPlatforms) = preSolution
		Debug|Any CPU = Debug|Any CPU
		Release|Any CPU = Release|Any CPU
	EndGlobalSection
	GlobalSection(ProjectConfigurationPlatforms) = postSolution
		{99008144-A782-C532-CB12-1B18F212AC2B}.Debug|Any CPU.ActiveCfg = Debug|Any CPU
		{99008144-A782-C532-CB12-1B18F212AC2B}.Debug|Any CPU.Build.0 = Debug|Any CPU
		{99008144-A782-C532-CB12-1B18F212AC2B}.Release|Any CPU.ActiveCfg = Release|Any CPU
		{99008144-A782-C532-CB12-1B18F212AC2B}.Release|Any CPU.Build.0 = Release|Any CPU
		{0815454A-6127-17AF-2B48-0F243D54A709}.Debug|Any CPU.ActiveCfg = Debug|Any CPU
		{0815454A-6127-17AF-2B48-0F243D54A709}.Debug|Any CPU.Build.0 = Debug|Any CPU
		{0815454A-6127-17AF-2B48-0F243D54A709}.Release|Any CPU.ActiveCfg = Release|Any CPU
		{0815454A-6127-17AF-2B48-0F243D54A709}.Release|Any CPU.Build.0 = Release|Any CPU
	EndGlobalSection
	GlobalSection(SolutionProperties) = preSolution
		HideSolutionNode = FALSE
	EndGlobalSection
	GlobalSection(MonoDevelopProperties) = preSolution
		StartupItem = Assembly-CSharp.csproj
	EndGlobalSection
EndGlobal
