
Microsoft Visual Studio Solution File, Format Version 12.00
# Visual Studio 15
Project("{FAE04EC0-301F-11D3-BF4B-00C04F79EFBC}") = "Assembly-CSharp", "Assembly-CSharp.csproj", "{559E362E-B3DB-B24D-DB8C-A6442CA6339F}"
EndProject
Project("{FAE04EC0-301F-11D3-BF4B-00C04F79EFBC}") = "Assembly-CSharp-Editor", "Assembly-CSharp-Editor.csproj", "{1467D5C3-E7AA-B634-07DA-3D795D1F2C21}"
EndProject
Global
	GlobalSection(SolutionConfigurationPlatforms) = preSolution
		Debug|Any CPU = Debug|Any CPU
		Release|Any CPU = Release|Any CPU
	EndGlobalSection
	GlobalSection(ProjectConfigurationPlatforms) = postSolution
		{559E362E-B3DB-B24D-DB8C-A6442CA6339F}.Debug|Any CPU.ActiveCfg = Debug|Any CPU
		{559E362E-B3DB-B24D-DB8C-A6442CA6339F}.Debug|Any CPU.Build.0 = Debug|Any CPU
		{559E362E-B3DB-B24D-DB8C-A6442CA6339F}.Release|Any CPU.ActiveCfg = Release|Any CPU
		{559E362E-B3DB-B24D-DB8C-A6442CA6339F}.Release|Any CPU.Build.0 = Release|Any CPU
		{1467D5C3-E7AA-B634-07DA-3D795D1F2C21}.Debug|Any CPU.ActiveCfg = Debug|Any CPU
		{1467D5C3-E7AA-B634-07DA-3D795D1F2C21}.Debug|Any CPU.Build.0 = Debug|Any CPU
		{1467D5C3-E7AA-B634-07DA-3D795D1F2C21}.Release|Any CPU.ActiveCfg = Release|Any CPU
		{1467D5C3-E7AA-B634-07DA-3D795D1F2C21}.Release|Any CPU.Build.0 = Release|Any CPU
	EndGlobalSection
	GlobalSection(SolutionProperties) = preSolution
		HideSolutionNode = FALSE
	EndGlobalSection
	GlobalSection(MonoDevelopProperties) = preSolution
		StartupItem = Assembly-CSharp.csproj
	EndGlobalSection
EndGlobal
